// !$*UTF8*$!
{
	archiveVersion = 1;
	classes = {
	};
	objectVersion = 50;
	objects = {

/* Begin PBXBuildFile section */
		141120A822904A8700D81D9F /* SearchConfigurator.swift in Sources */ = {isa = PBXBuildFile; fileRef = 141120A222904A8700D81D9F /* SearchConfigurator.swift */; };
		141120A922904A8700D81D9F /* SearchViewController.swift in Sources */ = {isa = PBXBuildFile; fileRef = 141120A322904A8700D81D9F /* SearchViewController.swift */; };
		141120AA22904A8700D81D9F /* SearchViewController.xib in Resources */ = {isa = PBXBuildFile; fileRef = 141120A422904A8700D81D9F /* SearchViewController.xib */; };
		141120AB22904A8700D81D9F /* SearchInteractor.swift in Sources */ = {isa = PBXBuildFile; fileRef = 141120A522904A8700D81D9F /* SearchInteractor.swift */; };
		141120AC22904A8700D81D9F /* SearchPresenter.swift in Sources */ = {isa = PBXBuildFile; fileRef = 141120A622904A8700D81D9F /* SearchPresenter.swift */; };
		141120AD22904A8700D81D9F /* SearchRouter.swift in Sources */ = {isa = PBXBuildFile; fileRef = 141120A722904A8700D81D9F /* SearchRouter.swift */; };
		141120B222904F4400D81D9F /* NetworkingService.swift in Sources */ = {isa = PBXBuildFile; fileRef = 141120B122904F4400D81D9F /* NetworkingService.swift */; };
		141120B42290505000D81D9F /* Repo.swift in Sources */ = {isa = PBXBuildFile; fileRef = 141120B32290505000D81D9F /* Repo.swift */; };
		141120B82290599E00D81D9F /* APIRouter.swift in Sources */ = {isa = PBXBuildFile; fileRef = 141120B72290599E00D81D9F /* APIRouter.swift */; };
		141120BB22905B9000D81D9F /* DataRequest+Extension.swift in Sources */ = {isa = PBXBuildFile; fileRef = 141120BA22905B9000D81D9F /* DataRequest+Extension.swift */; };
		141120BE22906A5A00D81D9F /* Reusable.swift in Sources */ = {isa = PBXBuildFile; fileRef = 141120BD22906A5A00D81D9F /* Reusable.swift */; };
		141120C222906B3200D81D9F /* RepoTableViewCell.swift in Sources */ = {isa = PBXBuildFile; fileRef = 141120C022906B3200D81D9F /* RepoTableViewCell.swift */; };
		141120C322906B3200D81D9F /* RepoTableViewCell.xib in Resources */ = {isa = PBXBuildFile; fileRef = 141120C122906B3200D81D9F /* RepoTableViewCell.xib */; };
		141120C62290701F00D81D9F /* ReposDataProvider.swift in Sources */ = {isa = PBXBuildFile; fileRef = 141120C52290701F00D81D9F /* ReposDataProvider.swift */; };
		141120C82290734700D81D9F /* Page.swift in Sources */ = {isa = PBXBuildFile; fileRef = 141120C72290734700D81D9F /* Page.swift */; };
		145CBF8E2290454B00DF0391 /* AppDelegate.swift in Sources */ = {isa = PBXBuildFile; fileRef = 145CBF8D2290454B00DF0391 /* AppDelegate.swift */; };
		145CBF952290454B00DF0391 /* Assets.xcassets in Resources */ = {isa = PBXBuildFile; fileRef = 145CBF942290454B00DF0391 /* Assets.xcassets */; };
		145CBF982290454B00DF0391 /* LaunchScreen.storyboard in Resources */ = {isa = PBXBuildFile; fileRef = 145CBF962290454B00DF0391 /* LaunchScreen.storyboard */; };
		30C8D9F9BAF37B62FF5595E8 /* Pods_GithubRepoSearch.framework in Frameworks */ = {isa = PBXBuildFile; fileRef = 1515B0677DAAD2541B85A2A5 /* Pods_GithubRepoSearch.framework */; };
/* End PBXBuildFile section */

/* Begin PBXFileReference section */
		141120A222904A8700D81D9F /* SearchConfigurator.swift */ = {isa = PBXFileReference; lastKnownFileType = sourcecode.swift; path = SearchConfigurator.swift; sourceTree = "<group>"; };
		141120A322904A8700D81D9F /* SearchViewController.swift */ = {isa = PBXFileReference; lastKnownFileType = sourcecode.swift; path = SearchViewController.swift; sourceTree = "<group>"; };
		141120A422904A8700D81D9F /* SearchViewController.xib */ = {isa = PBXFileReference; lastKnownFileType = file.xib; path = SearchViewController.xib; sourceTree = "<group>"; };
		141120A522904A8700D81D9F /* SearchInteractor.swift */ = {isa = PBXFileReference; lastKnownFileType = sourcecode.swift; path = SearchInteractor.swift; sourceTree = "<group>"; };
		141120A622904A8700D81D9F /* SearchPresenter.swift */ = {isa = PBXFileReference; lastKnownFileType = sourcecode.swift; path = SearchPresenter.swift; sourceTree = "<group>"; };
		141120A722904A8700D81D9F /* SearchRouter.swift */ = {isa = PBXFileReference; lastKnownFileType = sourcecode.swift; path = SearchRouter.swift; sourceTree = "<group>"; };
		141120B122904F4400D81D9F /* NetworkingService.swift */ = {isa = PBXFileReference; lastKnownFileType = sourcecode.swift; path = NetworkingService.swift; sourceTree = "<group>"; };
		141120B32290505000D81D9F /* Repo.swift */ = {isa = PBXFileReference; lastKnownFileType = sourcecode.swift; path = Repo.swift; sourceTree = "<group>"; };
		141120B72290599E00D81D9F /* APIRouter.swift */ = {isa = PBXFileReference; lastKnownFileType = sourcecode.swift; path = APIRouter.swift; sourceTree = "<group>"; };
		141120BA22905B9000D81D9F /* DataRequest+Extension.swift */ = {isa = PBXFileReference; lastKnownFileType = sourcecode.swift; path = "DataRequest+Extension.swift"; sourceTree = "<group>"; };
		141120BD22906A5A00D81D9F /* Reusable.swift */ = {isa = PBXFileReference; lastKnownFileType = sourcecode.swift; path = Reusable.swift; sourceTree = "<group>"; };
		141120C022906B3200D81D9F /* RepoTableViewCell.swift */ = {isa = PBXFileReference; lastKnownFileType = sourcecode.swift; path = RepoTableViewCell.swift; sourceTree = "<group>"; };
		141120C122906B3200D81D9F /* RepoTableViewCell.xib */ = {isa = PBXFileReference; lastKnownFileType = file.xib; path = RepoTableViewCell.xib; sourceTree = "<group>"; };
		141120C52290701F00D81D9F /* ReposDataProvider.swift */ = {isa = PBXFileReference; lastKnownFileType = sourcecode.swift; path = ReposDataProvider.swift; sourceTree = "<group>"; };
		141120C72290734700D81D9F /* Page.swift */ = {isa = PBXFileReference; lastKnownFileType = sourcecode.swift; path = Page.swift; sourceTree = "<group>"; };
		145CBF8A2290454B00DF0391 /* GithubRepoSearch.app */ = {isa = PBXFileReference; explicitFileType = wrapper.application; includeInIndex = 0; path = GithubRepoSearch.app; sourceTree = BUILT_PRODUCTS_DIR; };
		145CBF8D2290454B00DF0391 /* AppDelegate.swift */ = {isa = PBXFileReference; lastKnownFileType = sourcecode.swift; path = AppDelegate.swift; sourceTree = "<group>"; };
		145CBF942290454B00DF0391 /* Assets.xcassets */ = {isa = PBXFileReference; lastKnownFileType = folder.assetcatalog; path = Assets.xcassets; sourceTree = "<group>"; };
		145CBF972290454B00DF0391 /* Base */ = {isa = PBXFileReference; lastKnownFileType = file.storyboard; name = Base; path = Base.lproj/LaunchScreen.storyboard; sourceTree = "<group>"; };
		145CBF992290454B00DF0391 /* Info.plist */ = {isa = PBXFileReference; lastKnownFileType = text.plist.xml; path = Info.plist; sourceTree = "<group>"; };
		1515B0677DAAD2541B85A2A5 /* Pods_GithubRepoSearch.framework */ = {isa = PBXFileReference; explicitFileType = wrapper.framework; includeInIndex = 0; path = Pods_GithubRepoSearch.framework; sourceTree = BUILT_PRODUCTS_DIR; };
		2FFDC227B9DBDD3E137AC1F7 /* Pods-GithubRepoSearch.debug.xcconfig */ = {isa = PBXFileReference; includeInIndex = 1; lastKnownFileType = text.xcconfig; name = "Pods-GithubRepoSearch.debug.xcconfig"; path = "Pods/Target Support Files/Pods-GithubRepoSearch/Pods-GithubRepoSearch.debug.xcconfig"; sourceTree = "<group>"; };
		A75B56A954625DA4CCD7F8D7 /* Pods-GithubRepoSearch.release.xcconfig */ = {isa = PBXFileReference; includeInIndex = 1; lastKnownFileType = text.xcconfig; name = "Pods-GithubRepoSearch.release.xcconfig"; path = "Pods/Target Support Files/Pods-GithubRepoSearch/Pods-GithubRepoSearch.release.xcconfig"; sourceTree = "<group>"; };
/* End PBXFileReference section */

/* Begin PBXFrameworksBuildPhase section */
		145CBF872290454B00DF0391 /* Frameworks */ = {
			isa = PBXFrameworksBuildPhase;
			buildActionMask = 2147483647;
			files = (
				30C8D9F9BAF37B62FF5595E8 /* Pods_GithubRepoSearch.framework in Frameworks */,
			);
			runOnlyForDeploymentPostprocessing = 0;
		};
/* End PBXFrameworksBuildPhase section */

/* Begin PBXGroup section */
		141120A022904A4A00D81D9F /* Scenes */ = {
			isa = PBXGroup;
			children = (
				141120AE22904DAA00D81D9F /* Search */,
			);
			path = Scenes;
			sourceTree = "<group>";
		};
		141120A122904A6600D81D9F /* Services */ = {
			isa = PBXGroup;
			children = (
				141120B52290505B00D81D9F /* Models */,
				141120B022904DE300D81D9F /* Storage */,
				141120AF22904DD100D81D9F /* Networking */,
			);
			path = Services;
			sourceTree = "<group>";
		};
		141120AE22904DAA00D81D9F /* Search */ = {
			isa = PBXGroup;
			children = (
				141120C42290700300D81D9F /* DataProvider */,
				141120BF22906B0400D81D9F /* Cell */,
				141120A222904A8700D81D9F /* SearchConfigurator.swift */,
				141120A322904A8700D81D9F /* SearchViewController.swift */,
				141120A422904A8700D81D9F /* SearchViewController.xib */,
				141120A522904A8700D81D9F /* SearchInteractor.swift */,
				141120A622904A8700D81D9F /* SearchPresenter.swift */,
				141120A722904A8700D81D9F /* SearchRouter.swift */,
			);
			path = Search;
			sourceTree = "<group>";
		};
		141120AF22904DD100D81D9F /* Networking */ = {
			isa = PBXGroup;
			children = (
				141120B122904F4400D81D9F /* NetworkingService.swift */,
				141120B72290599E00D81D9F /* APIRouter.swift */,
			);
			path = Networking;
			sourceTree = "<group>";
		};
		141120B022904DE300D81D9F /* Storage */ = {
			isa = PBXGroup;
			children = (
			);
			path = Storage;
			sourceTree = "<group>";
		};
		141120B52290505B00D81D9F /* Models */ = {
			isa = PBXGroup;
			children = (
				141120B32290505000D81D9F /* Repo.swift */,
			);
			path = Models;
			sourceTree = "<group>";
		};
		141120B922905B6700D81D9F /* Utils */ = {
			isa = PBXGroup;
			children = (
				141120BA22905B9000D81D9F /* DataRequest+Extension.swift */,
				141120BD22906A5A00D81D9F /* Reusable.swift */,
				141120C72290734700D81D9F /* Page.swift */,
			);
			path = Utils;
			sourceTree = "<group>";
		};
		141120BF22906B0400D81D9F /* Cell */ = {
			isa = PBXGroup;
			children = (
				141120C022906B3200D81D9F /* RepoTableViewCell.swift */,
				141120C122906B3200D81D9F /* RepoTableViewCell.xib */,
			);
			path = Cell;
			sourceTree = "<group>";
		};
		141120C42290700300D81D9F /* DataProvider */ = {
			isa = PBXGroup;
			children = (
				141120C52290701F00D81D9F /* ReposDataProvider.swift */,
			);
			path = DataProvider;
			sourceTree = "<group>";
		};
		145CBF812290454B00DF0391 = {
			isa = PBXGroup;
			children = (
				145CBF8C2290454B00DF0391 /* GithubRepoSearch */,
				145CBF8B2290454B00DF0391 /* Products */,
				19C68A849E3EBCC52199EC66 /* Pods */,
				8375147F6FA0B14CD73DBB4E /* Frameworks */,
			);
			sourceTree = "<group>";
		};
		145CBF8B2290454B00DF0391 /* Products */ = {
			isa = PBXGroup;
			children = (
				145CBF8A2290454B00DF0391 /* GithubRepoSearch.app */,
			);
			name = Products;
			sourceTree = "<group>";
		};
		145CBF8C2290454B00DF0391 /* GithubRepoSearch */ = {
			isa = PBXGroup;
			children = (
				141120A022904A4A00D81D9F /* Scenes */,
				141120A122904A6600D81D9F /* Services */,
				141120B922905B6700D81D9F /* Utils */,
				145CBF8D2290454B00DF0391 /* AppDelegate.swift */,
				145CBF942290454B00DF0391 /* Assets.xcassets */,
				145CBF962290454B00DF0391 /* LaunchScreen.storyboard */,
				145CBF992290454B00DF0391 /* Info.plist */,
			);
			path = GithubRepoSearch;
			sourceTree = "<group>";
		};
		19C68A849E3EBCC52199EC66 /* Pods */ = {
			isa = PBXGroup;
			children = (
				2FFDC227B9DBDD3E137AC1F7 /* Pods-GithubRepoSearch.debug.xcconfig */,
				A75B56A954625DA4CCD7F8D7 /* Pods-GithubRepoSearch.release.xcconfig */,
			);
			name = Pods;
			sourceTree = "<group>";
		};
		8375147F6FA0B14CD73DBB4E /* Frameworks */ = {
			isa = PBXGroup;
			children = (
				1515B0677DAAD2541B85A2A5 /* Pods_GithubRepoSearch.framework */,
			);
			name = Frameworks;
			sourceTree = "<group>";
		};
/* End PBXGroup section */

/* Begin PBXNativeTarget section */
		145CBF892290454B00DF0391 /* GithubRepoSearch */ = {
			isa = PBXNativeTarget;
			buildConfigurationList = 145CBF9C2290454B00DF0391 /* Build configuration list for PBXNativeTarget "GithubRepoSearch" */;
			buildPhases = (
				F5AF34744BF99334346DC18C /* [CP] Check Pods Manifest.lock */,
				145CBF862290454B00DF0391 /* Sources */,
				145CBF872290454B00DF0391 /* Frameworks */,
				145CBF882290454B00DF0391 /* Resources */,
				56D6F5772B7E62453579142A /* [CP] Embed Pods Frameworks */,
			);
			buildRules = (
			);
			dependencies = (
			);
			name = GithubRepoSearch;
			productName = GithubRepoSearch;
			productReference = 145CBF8A2290454B00DF0391 /* GithubRepoSearch.app */;
			productType = "com.apple.product-type.application";
		};
/* End PBXNativeTarget section */

/* Begin PBXProject section */
		145CBF822290454B00DF0391 /* Project object */ = {
			isa = PBXProject;
			attributes = {
				LastSwiftUpdateCheck = 1010;
				LastUpgradeCheck = 1010;
				ORGANIZATIONNAME = "Serhii Onopriienko";
				TargetAttributes = {
					145CBF892290454B00DF0391 = {
						CreatedOnToolsVersion = 10.1;
					};
				};
			};
			buildConfigurationList = 145CBF852290454B00DF0391 /* Build configuration list for PBXProject "GithubRepoSearch" */;
			compatibilityVersion = "Xcode 9.3";
			developmentRegion = en;
			hasScannedForEncodings = 0;
			knownRegions = (
				en,
				Base,
			);
			mainGroup = 145CBF812290454B00DF0391;
			productRefGroup = 145CBF8B2290454B00DF0391 /* Products */;
			projectDirPath = "";
			projectRoot = "";
			targets = (
				145CBF892290454B00DF0391 /* GithubRepoSearch */,
			);
		};
/* End PBXProject section */

/* Begin PBXResourcesBuildPhase section */
		145CBF882290454B00DF0391 /* Resources */ = {
			isa = PBXResourcesBuildPhase;
			buildActionMask = 2147483647;
			files = (
				145CBF982290454B00DF0391 /* LaunchScreen.storyboard in Resources */,
				145CBF952290454B00DF0391 /* Assets.xcassets in Resources */,
				141120AA22904A8700D81D9F /* SearchViewController.xib in Resources */,
				141120C322906B3200D81D9F /* RepoTableViewCell.xib in Resources */,
			);
			runOnlyForDeploymentPostprocessing = 0;
		};
/* End PBXResourcesBuildPhase section */

/* Begin PBXShellScriptBuildPhase section */
		56D6F5772B7E62453579142A /* [CP] Embed Pods Frameworks */ = {
			isa = PBXShellScriptBuildPhase;
			buildActionMask = 2147483647;
			files = (
			);
			inputFileListPaths = (
			);
			inputPaths = (
				"${SRCROOT}/Pods/Target Support Files/Pods-GithubRepoSearch/Pods-GithubRepoSearch-frameworks.sh",
				"${BUILT_PRODUCTS_DIR}/Alamofire/Alamofire.framework",
				"${BUILT_PRODUCTS_DIR}/ReachabilitySwift/Reachability.framework",
				"${BUILT_PRODUCTS_DIR}/ReactiveCocoa/ReactiveCocoa.framework",
				"${BUILT_PRODUCTS_DIR}/ReactiveSwift/ReactiveSwift.framework",
				"${BUILT_PRODUCTS_DIR}/Realm/Realm.framework",
				"${BUILT_PRODUCTS_DIR}/RealmSwift/RealmSwift.framework",
				"${BUILT_PRODUCTS_DIR}/Result/Result.framework",
			);
			name = "[CP] Embed Pods Frameworks";
			outputFileListPaths = (
			);
			outputPaths = (
				"${TARGET_BUILD_DIR}/${FRAMEWORKS_FOLDER_PATH}/Alamofire.framework",
				"${TARGET_BUILD_DIR}/${FRAMEWORKS_FOLDER_PATH}/Reachability.framework",
				"${TARGET_BUILD_DIR}/${FRAMEWORKS_FOLDER_PATH}/ReactiveCocoa.framework",
				"${TARGET_BUILD_DIR}/${FRAMEWORKS_FOLDER_PATH}/ReactiveSwift.framework",
				"${TARGET_BUILD_DIR}/${FRAMEWORKS_FOLDER_PATH}/Realm.framework",
				"${TARGET_BUILD_DIR}/${FRAMEWORKS_FOLDER_PATH}/RealmSwift.framework",
				"${TARGET_BUILD_DIR}/${FRAMEWORKS_FOLDER_PATH}/Result.framework",
			);
			runOnlyForDeploymentPostprocessing = 0;
			shellPath = /bin/sh;
			shellScript = "\"${SRCROOT}/Pods/Target Support Files/Pods-GithubRepoSearch/Pods-GithubRepoSearch-frameworks.sh\"\n";
			showEnvVarsInLog = 0;
		};
		F5AF34744BF99334346DC18C /* [CP] Check Pods Manifest.lock */ = {
			isa = PBXShellScriptBuildPhase;
			buildActionMask = 2147483647;
			files = (
			);
			inputFileListPaths = (
			);
			inputPaths = (
				"${PODS_PODFILE_DIR_PATH}/Podfile.lock",
				"${PODS_ROOT}/Manifest.lock",
			);
			name = "[CP] Check Pods Manifest.lock";
			outputFileListPaths = (
			);
			outputPaths = (
				"$(DERIVED_FILE_DIR)/Pods-GithubRepoSearch-checkManifestLockResult.txt",
			);
			runOnlyForDeploymentPostprocessing = 0;
			shellPath = /bin/sh;
			shellScript = "diff \"${PODS_PODFILE_DIR_PATH}/Podfile.lock\" \"${PODS_ROOT}/Manifest.lock\" > /dev/null\nif [ $? != 0 ] ; then\n    # print error to STDERR\n    echo \"error: The sandbox is not in sync with the Podfile.lock. Run 'pod install' or update your CocoaPods installation.\" >&2\n    exit 1\nfi\n# This output is used by Xcode 'outputs' to avoid re-running this script phase.\necho \"SUCCESS\" > \"${SCRIPT_OUTPUT_FILE_0}\"\n";
			showEnvVarsInLog = 0;
		};
/* End PBXShellScriptBuildPhase section */

/* Begin PBXSourcesBuildPhase section */
		145CBF862290454B00DF0391 /* Sources */ = {
			isa = PBXSourcesBuildPhase;
			buildActionMask = 2147483647;
			files = (
				141120A822904A8700D81D9F /* SearchConfigurator.swift in Sources */,
				141120BE22906A5A00D81D9F /* Reusable.swift in Sources */,
				141120BB22905B9000D81D9F /* DataRequest+Extension.swift in Sources */,
				141120B82290599E00D81D9F /* APIRouter.swift in Sources */,
				141120C82290734700D81D9F /* Page.swift in Sources */,
				141120AC22904A8700D81D9F /* SearchPresenter.swift in Sources */,
				141120AD22904A8700D81D9F /* SearchRouter.swift in Sources */,
				141120B42290505000D81D9F /* Repo.swift in Sources */,
				141120A922904A8700D81D9F /* SearchViewController.swift in Sources */,
				145CBF8E2290454B00DF0391 /* AppDelegate.swift in Sources */,
				141120B222904F4400D81D9F /* NetworkingService.swift in Sources */,
				141120C62290701F00D81D9F /* ReposDataProvider.swift in Sources */,
				141120AB22904A8700D81D9F /* SearchInteractor.swift in Sources */,
				141120C222906B3200D81D9F /* RepoTableViewCell.swift in Sources */,
			);
			runOnlyForDeploymentPostprocessing = 0;
		};
/* End PBXSourcesBuildPhase section */

/* Begin PBXVariantGroup section */
		145CBF962290454B00DF0391 /* LaunchScreen.storyboard */ = {
			isa = PBXVariantGroup;
			children = (
				145CBF972290454B00DF0391 /* Base */,
			);
			name = LaunchScreen.storyboard;
			sourceTree = "<group>";
		};
/* End PBXVariantGroup section */

/* Begin XCBuildConfiguration section */
		145CBF9A2290454B00DF0391 /* Debug */ = {
			isa = XCBuildConfiguration;
			buildSettings = {
				ALWAYS_SEARCH_USER_PATHS = NO;
				CLANG_ANALYZER_NONNULL = YES;
				CLANG_ANALYZER_NUMBER_OBJECT_CONVERSION = YES_AGGRESSIVE;
				CLANG_CXX_LANGUAGE_STANDARD = "gnu++14";
				CLANG_CXX_LIBRARY = "libc++";
				CLANG_ENABLE_MODULES = YES;
				CLANG_ENABLE_OBJC_ARC = YES;
				CLANG_ENABLE_OBJC_WEAK = YES;
				CLANG_WARN_BLOCK_CAPTURE_AUTORELEASING = YES;
				CLANG_WARN_BOOL_CONVERSION = YES;
				CLANG_WARN_COMMA = YES;
				CLANG_WARN_CONSTANT_CONVERSION = YES;
				CLANG_WARN_DEPRECATED_OBJC_IMPLEMENTATIONS = YES;
				CLANG_WARN_DIRECT_OBJC_ISA_USAGE = YES_ERROR;
				CLANG_WARN_DOCUMENTATION_COMMENTS = YES;
				CLANG_WARN_EMPTY_BODY = YES;
				CLANG_WARN_ENUM_CONVERSION = YES;
				CLANG_WARN_INFINITE_RECURSION = YES;
				CLANG_WARN_INT_CONVERSION = YES;
				CLANG_WARN_NON_LITERAL_NULL_CONVERSION = YES;
				CLANG_WARN_OBJC_IMPLICIT_RETAIN_SELF = YES;
				CLANG_WARN_OBJC_LITERAL_CONVERSION = YES;
				CLANG_WARN_OBJC_ROOT_CLASS = YES_ERROR;
				CLANG_WARN_RANGE_LOOP_ANALYSIS = YES;
				CLANG_WARN_STRICT_PROTOTYPES = YES;
				CLANG_WARN_SUSPICIOUS_MOVE = YES;
				CLANG_WARN_UNGUARDED_AVAILABILITY = YES_AGGRESSIVE;
				CLANG_WARN_UNREACHABLE_CODE = YES;
				CLANG_WARN__DUPLICATE_METHOD_MATCH = YES;
				CODE_SIGN_IDENTITY = "iPhone Developer";
				COPY_PHASE_STRIP = NO;
				DEBUG_INFORMATION_FORMAT = dwarf;
				ENABLE_STRICT_OBJC_MSGSEND = YES;
				ENABLE_TESTABILITY = YES;
				GCC_C_LANGUAGE_STANDARD = gnu11;
				GCC_DYNAMIC_NO_PIC = NO;
				GCC_NO_COMMON_BLOCKS = YES;
				GCC_OPTIMIZATION_LEVEL = 0;
				GCC_PREPROCESSOR_DEFINITIONS = (
					"DEBUG=1",
					"$(inherited)",
				);
				GCC_WARN_64_TO_32_BIT_CONVERSION = YES;
				GCC_WARN_ABOUT_RETURN_TYPE = YES_ERROR;
				GCC_WARN_UNDECLARED_SELECTOR = YES;
				GCC_WARN_UNINITIALIZED_AUTOS = YES_AGGRESSIVE;
				GCC_WARN_UNUSED_FUNCTION = YES;
				GCC_WARN_UNUSED_VARIABLE = YES;
				IPHONEOS_DEPLOYMENT_TARGET = 12.1;
				MTL_ENABLE_DEBUG_INFO = INCLUDE_SOURCE;
				MTL_FAST_MATH = YES;
				ONLY_ACTIVE_ARCH = YES;
				SDKROOT = iphoneos;
				SWIFT_ACTIVE_COMPILATION_CONDITIONS = DEBUG;
				SWIFT_OPTIMIZATION_LEVEL = "-Onone";
			};
			name = Debug;
		};
		145CBF9B2290454B00DF0391 /* Release */ = {
			isa = XCBuildConfiguration;
			buildSettings = {
				ALWAYS_SEARCH_USER_PATHS = NO;
				CLANG_ANALYZER_NONNULL = YES;
				CLANG_ANALYZER_NUMBER_OBJECT_CONVERSION = YES_AGGRESSIVE;
				CLANG_CXX_LANGUAGE_STANDARD = "gnu++14";
				CLANG_CXX_LIBRARY = "libc++";
				CLANG_ENABLE_MODULES = YES;
				CLANG_ENABLE_OBJC_ARC = YES;
				CLANG_ENABLE_OBJC_WEAK = YES;
				CLANG_WARN_BLOCK_CAPTURE_AUTORELEASING = YES;
				CLANG_WARN_BOOL_CONVERSION = YES;
				CLANG_WARN_COMMA = YES;
				CLANG_WARN_CONSTANT_CONVERSION = YES;
				CLANG_WARN_DEPRECATED_OBJC_IMPLEMENTATIONS = YES;
				CLANG_WARN_DIRECT_OBJC_ISA_USAGE = YES_ERROR;
				CLANG_WARN_DOCUMENTATION_COMMENTS = YES;
				CLANG_WARN_EMPTY_BODY = YES;
				CLANG_WARN_ENUM_CONVERSION = YES;
				CLANG_WARN_INFINITE_RECURSION = YES;
				CLANG_WARN_INT_CONVERSION = YES;
				CLANG_WARN_NON_LITERAL_NULL_CONVERSION = YES;
				CLANG_WARN_OBJC_IMPLICIT_RETAIN_SELF = YES;
				CLANG_WARN_OBJC_LITERAL_CONVERSION = YES;
				CLANG_WARN_OBJC_ROOT_CLASS = YES_ERROR;
				CLANG_WARN_RANGE_LOOP_ANALYSIS = YES;
				CLANG_WARN_STRICT_PROTOTYPES = YES;
				CLANG_WARN_SUSPICIOUS_MOVE = YES;
				CLANG_WARN_UNGUARDED_AVAILABILITY = YES_AGGRESSIVE;
				CLANG_WARN_UNREACHABLE_CODE = YES;
				CLANG_WARN__DUPLICATE_METHOD_MATCH = YES;
				CODE_SIGN_IDENTITY = "iPhone Developer";
				COPY_PHASE_STRIP = NO;
				DEBUG_INFORMATION_FORMAT = "dwarf-with-dsym";
				ENABLE_NS_ASSERTIONS = NO;
				ENABLE_STRICT_OBJC_MSGSEND = YES;
				GCC_C_LANGUAGE_STANDARD = gnu11;
				GCC_NO_COMMON_BLOCKS = YES;
				GCC_WARN_64_TO_32_BIT_CONVERSION = YES;
				GCC_WARN_ABOUT_RETURN_TYPE = YES_ERROR;
				GCC_WARN_UNDECLARED_SELECTOR = YES;
				GCC_WARN_UNINITIALIZED_AUTOS = YES_AGGRESSIVE;
				GCC_WARN_UNUSED_FUNCTION = YES;
				GCC_WARN_UNUSED_VARIABLE = YES;
				IPHONEOS_DEPLOYMENT_TARGET = 12.1;
				MTL_ENABLE_DEBUG_INFO = NO;
				MTL_FAST_MATH = YES;
				SDKROOT = iphoneos;
				SWIFT_COMPILATION_MODE = wholemodule;
				SWIFT_OPTIMIZATION_LEVEL = "-O";
				VALIDATE_PRODUCT = YES;
			};
			name = Release;
		};
		145CBF9D2290454B00DF0391 /* Debug */ = {
			isa = XCBuildConfiguration;
			baseConfigurationReference = 2FFDC227B9DBDD3E137AC1F7 /* Pods-GithubRepoSearch.debug.xcconfig */;
			buildSettings = {
				ASSETCATALOG_COMPILER_APPICON_NAME = AppIcon;
				CODE_SIGN_STYLE = Automatic;
				INFOPLIST_FILE = GithubRepoSearch/Info.plist;
				LD_RUNPATH_SEARCH_PATHS = (
					"$(inherited)",
					"@executable_path/Frameworks",
				);
				PRODUCT_BUNDLE_IDENTIFIER = serhii.o.GithubRepoSearch;
				PRODUCT_NAME = "$(TARGET_NAME)";
				SWIFT_VERSION = 4.2;
				TARGETED_DEVICE_FAMILY = "1,2";
			};
			name = Debug;
		};
		145CBF9E2290454B00DF0391 /* Release */ = {
			isa = XCBuildConfiguration;
			baseConfigurationReference = A75B56A954625DA4CCD7F8D7 /* Pods-GithubRepoSearch.release.xcconfig */;
			buildSettings = {
				ASSETCATALOG_COMPILER_APPICON_NAME = AppIcon;
				CODE_SIGN_STYLE = Automatic;
				INFOPLIST_FILE = GithubRepoSearch/Info.plist;
				LD_RUNPATH_SEARCH_PATHS = (
					"$(inherited)",
					"@executable_path/Frameworks",
				);
				PRODUCT_BUNDLE_IDENTIFIER = serhii.o.GithubRepoSearch;
				PRODUCT_NAME = "$(TARGET_NAME)";
				SWIFT_VERSION = 4.2;
				TARGETED_DEVICE_FAMILY = "1,2";
			};
			name = Release;
		};
/* End XCBuildConfiguration section */

/* Begin XCConfigurationList section */
		145CBF852290454B00DF0391 /* Build configuration list for PBXProject "GithubRepoSearch" */ = {
			isa = XCConfigurationList;
			buildConfigurations = (
				145CBF9A2290454B00DF0391 /* Debug */,
				145CBF9B2290454B00DF0391 /* Release */,
			);
			defaultConfigurationIsVisible = 0;
			defaultConfigurationName = Release;
		};
		145CBF9C2290454B00DF0391 /* Build configuration list for PBXNativeTarget "GithubRepoSearch" */ = {
			isa = XCConfigurationList;
			buildConfigurations = (
				145CBF9D2290454B00DF0391 /* Debug */,
				145CBF9E2290454B00DF0391 /* Release */,
			);
			defaultConfigurationIsVisible = 0;
			defaultConfigurationName = Release;
		};
/* End XCConfigurationList section */
	};
	rootObject = 145CBF822290454B00DF0391 /* Project object */;
}
